// !$*UTF8*$!
{
	archiveVersion = 1;
	classes = {
	};
	objectVersion = 50;
	objects = {

/* Begin PBXBuildFile section */
		A06A28B62718D2E3004AD9A3 /* HeaderMovieTableViewCell.swift in Sources */ = {isa = PBXBuildFile; fileRef = A06A28B42718D2E3004AD9A3 /* HeaderMovieTableViewCell.swift */; };
		A06A28B72718D2E3004AD9A3 /* HeaderMovieTableViewCell.xib in Resources */ = {isa = PBXBuildFile; fileRef = A06A28B52718D2E3004AD9A3 /* HeaderMovieTableViewCell.xib */; };
		A06FF118271778020076159F /* AppDelegate.swift in Sources */ = {isa = PBXBuildFile; fileRef = A06FF117271778020076159F /* AppDelegate.swift */; };
		A06FF11A271778020076159F /* SceneDelegate.swift in Sources */ = {isa = PBXBuildFile; fileRef = A06FF119271778020076159F /* SceneDelegate.swift */; };
		A06FF11C271778020076159F /* ViewController.swift in Sources */ = {isa = PBXBuildFile; fileRef = A06FF11B271778020076159F /* ViewController.swift */; };
		A06FF11F271778020076159F /* Main.storyboard in Resources */ = {isa = PBXBuildFile; fileRef = A06FF11D271778020076159F /* Main.storyboard */; };
		A06FF121271778080076159F /* Assets.xcassets in Resources */ = {isa = PBXBuildFile; fileRef = A06FF120271778080076159F /* Assets.xcassets */; };
		A06FF124271778080076159F /* LaunchScreen.storyboard in Resources */ = {isa = PBXBuildFile; fileRef = A06FF122271778080076159F /* LaunchScreen.storyboard */; };
		A06FF132271782860076159F /* MovieTableViewCell.swift in Sources */ = {isa = PBXBuildFile; fileRef = A06FF130271782860076159F /* MovieTableViewCell.swift */; };
		A06FF133271782860076159F /* MovieTableViewCell.xib in Resources */ = {isa = PBXBuildFile; fileRef = A06FF131271782860076159F /* MovieTableViewCell.xib */; };
		A06FF13627178C0F0076159F /* File.swift in Sources */ = {isa = PBXBuildFile; fileRef = A06FF13527178C0F0076159F /* File.swift */; };
/* End PBXBuildFile section */

/* Begin PBXFileReference section */
		A06A28B42718D2E3004AD9A3 /* HeaderMovieTableViewCell.swift */ = {isa = PBXFileReference; lastKnownFileType = sourcecode.swift; path = HeaderMovieTableViewCell.swift; sourceTree = "<group>"; };
		A06A28B52718D2E3004AD9A3 /* HeaderMovieTableViewCell.xib */ = {isa = PBXFileReference; lastKnownFileType = file.xib; path = HeaderMovieTableViewCell.xib; sourceTree = "<group>"; };
		A06FF114271778020076159F /* TheMovie.app */ = {isa = PBXFileReference; explicitFileType = wrapper.application; includeInIndex = 0; path = TheMovie.app; sourceTree = BUILT_PRODUCTS_DIR; };
		A06FF117271778020076159F /* AppDelegate.swift */ = {isa = PBXFileReference; lastKnownFileType = sourcecode.swift; path = AppDelegate.swift; sourceTree = "<group>"; };
		A06FF119271778020076159F /* SceneDelegate.swift */ = {isa = PBXFileReference; lastKnownFileType = sourcecode.swift; path = SceneDelegate.swift; sourceTree = "<group>"; };
		A06FF11B271778020076159F /* ViewController.swift */ = {isa = PBXFileReference; lastKnownFileType = sourcecode.swift; path = ViewController.swift; sourceTree = "<group>"; };
		A06FF11E271778020076159F /* Base */ = {isa = PBXFileReference; lastKnownFileType = file.storyboard; name = Base; path = Base.lproj/Main.storyboard; sourceTree = "<group>"; };
		A06FF120271778080076159F /* Assets.xcassets */ = {isa = PBXFileReference; lastKnownFileType = folder.assetcatalog; path = Assets.xcassets; sourceTree = "<group>"; };
		A06FF123271778080076159F /* Base */ = {isa = PBXFileReference; lastKnownFileType = file.storyboard; name = Base; path = Base.lproj/LaunchScreen.storyboard; sourceTree = "<group>"; };
		A06FF125271778080076159F /* Info.plist */ = {isa = PBXFileReference; lastKnownFileType = text.plist.xml; path = Info.plist; sourceTree = "<group>"; };
		A06FF130271782860076159F /* MovieTableViewCell.swift */ = {isa = PBXFileReference; lastKnownFileType = sourcecode.swift; path = MovieTableViewCell.swift; sourceTree = "<group>"; };
		A06FF131271782860076159F /* MovieTableViewCell.xib */ = {isa = PBXFileReference; lastKnownFileType = file.xib; path = MovieTableViewCell.xib; sourceTree = "<group>"; };
		A06FF13527178C0F0076159F /* File.swift */ = {isa = PBXFileReference; lastKnownFileType = sourcecode.swift; path = File.swift; sourceTree = "<group>"; };
/* End PBXFileReference section */

/* Begin PBXFrameworksBuildPhase section */
		A06FF111271778020076159F /* Frameworks */ = {
			isa = PBXFrameworksBuildPhase;
			buildActionMask = 2147483647;
			files = (
			);
			runOnlyForDeploymentPostprocessing = 0;
		};
/* End PBXFrameworksBuildPhase section */

/* Begin PBXGroup section */
		A06FF10B271778020076159F = {
			isa = PBXGroup;
			children = (
				A06FF116271778020076159F /* TheMovie */,
				A06FF115271778020076159F /* Products */,
			);
			sourceTree = "<group>";
		};
		A06FF115271778020076159F /* Products */ = {
			isa = PBXGroup;
			children = (
				A06FF114271778020076159F /* TheMovie.app */,
			);
			name = Products;
			sourceTree = "<group>";
		};
		A06FF116271778020076159F /* TheMovie */ = {
			isa = PBXGroup;
			children = (
				A06FF13427178BFB0076159F /* Model */,
				A06FF12B27177E410076159F /* Cells */,
				A06FF117271778020076159F /* AppDelegate.swift */,
				A06FF119271778020076159F /* SceneDelegate.swift */,
				A06FF11B271778020076159F /* ViewController.swift */,
				A06FF11D271778020076159F /* Main.storyboard */,
				A06FF120271778080076159F /* Assets.xcassets */,
				A06FF122271778080076159F /* LaunchScreen.storyboard */,
				A06FF125271778080076159F /* Info.plist */,
			);
			path = TheMovie;
			sourceTree = "<group>";
		};
		A06FF12B27177E410076159F /* Cells */ = {
			isa = PBXGroup;
			children = (
				A06FF130271782860076159F /* MovieTableViewCell.swift */,
				A06FF131271782860076159F /* MovieTableViewCell.xib */,
				A06A28B42718D2E3004AD9A3 /* HeaderMovieTableViewCell.swift */,
				A06A28B52718D2E3004AD9A3 /* HeaderMovieTableViewCell.xib */,
			);
			path = Cells;
			sourceTree = "<group>";
		};
		A06FF13427178BFB0076159F /* Model */ = {
			isa = PBXGroup;
			children = (
				A06FF13527178C0F0076159F /* File.swift */,
			);
			path = Model;
			sourceTree = "<group>";
		};
/* End PBXGroup section */

/* Begin PBXNativeTarget section */
		A06FF113271778020076159F /* TheMovie */ = {
			isa = PBXNativeTarget;
			buildConfigurationList = A06FF128271778080076159F /* Build configuration list for PBXNativeTarget "TheMovie" */;
			buildPhases = (
				A06FF110271778020076159F /* Sources */,
				A06FF111271778020076159F /* Frameworks */,
				A06FF112271778020076159F /* Resources */,
			);
			buildRules = (
			);
			dependencies = (
			);
			name = TheMovie;
			productName = TheMovie;
			productReference = A06FF114271778020076159F /* TheMovie.app */;
			productType = "com.apple.product-type.application";
		};
/* End PBXNativeTarget section */

/* Begin PBXProject section */
		A06FF10C271778020076159F /* Project object */ = {
			isa = PBXProject;
			attributes = {
				LastSwiftUpdateCheck = 1250;
				LastUpgradeCheck = 1250;
				TargetAttributes = {
					A06FF113271778020076159F = {
						CreatedOnToolsVersion = 12.5.1;
					};
				};
			};
			buildConfigurationList = A06FF10F271778020076159F /* Build configuration list for PBXProject "TheMovie" */;
			compatibilityVersion = "Xcode 9.3";
			developmentRegion = en;
			hasScannedForEncodings = 0;
			knownRegions = (
				en,
				Base,
			);
			mainGroup = A06FF10B271778020076159F;
			productRefGroup = A06FF115271778020076159F /* Products */;
			projectDirPath = "";
			projectRoot = "";
			targets = (
				A06FF113271778020076159F /* TheMovie */,
			);
		};
/* End PBXProject section */

/* Begin PBXResourcesBuildPhase section */
		A06FF112271778020076159F /* Resources */ = {
			isa = PBXResourcesBuildPhase;
			buildActionMask = 2147483647;
			files = (
				A06FF124271778080076159F /* LaunchScreen.storyboard in Resources */,
				A06FF121271778080076159F /* Assets.xcassets in Resources */,
				A06FF133271782860076159F /* MovieTableViewCell.xib in Resources */,
				A06FF11F271778020076159F /* Main.storyboard in Resources */,
				A06A28B72718D2E3004AD9A3 /* HeaderMovieTableViewCell.xib in Resources */,
			);
			runOnlyForDeploymentPostprocessing = 0;
		};
/* End PBXResourcesBuildPhase section */

/* Begin PBXSourcesBuildPhase section */
		A06FF110271778020076159F /* Sources */ = {
			isa = PBXSourcesBuildPhase;
			buildActionMask = 2147483647;
			files = (
				A06FF13627178C0F0076159F /* File.swift in Sources */,
				A06FF11C271778020076159F /* ViewController.swift in Sources */,
				A06FF118271778020076159F /* AppDelegate.swift in Sources */,
				A06A28B62718D2E3004AD9A3 /* HeaderMovieTableViewCell.swift in Sources */,
				A06FF132271782860076159F /* MovieTableViewCell.swift in Sources */,
				A06FF11A271778020076159F /* SceneDelegate.swift in Sources */,
			);
			runOnlyForDeploymentPostprocessing = 0;
		};
/* End PBXSourcesBuildPhase section */

/* Begin PBXVariantGroup section */
		A06FF11D271778020076159F /* Main.storyboard */ = {
			isa = PBXVariantGroup;
			children = (
				A06FF11E271778020076159F /* Base */,
			);
			name = Main.storyboard;
			sourceTree = "<group>";
		};
		A06FF122271778080076159F /* LaunchScreen.storyboard */ = {
			isa = PBXVariantGroup;
			children = (
				A06FF123271778080076159F /* Base */,
			);
			name = LaunchScreen.storyboard;
			sourceTree = "<group>";
		};
/* End PBXVariantGroup section */

/* Begin XCBuildConfiguration section */
		A06FF126271778080076159F /* Debug */ = {
			isa = XCBuildConfiguration;
			buildSettings = {
				ALWAYS_SEARCH_USER_PATHS = NO;
				CLANG_ANALYZER_NONNULL = YES;
				CLANG_ANALYZER_NUMBER_OBJECT_CONVERSION = YES_AGGRESSIVE;
				CLANG_CXX_LANGUAGE_STANDARD = "gnu++14";
				CLANG_CXX_LIBRARY = "libc++";
				CLANG_ENABLE_MODULES = YES;
				CLANG_ENABLE_OBJC_ARC = YES;
				CLANG_ENABLE_OBJC_WEAK = YES;
				CLANG_WARN_BLOCK_CAPTURE_AUTORELEASING = YES;
				CLANG_WARN_BOOL_CONVERSION = YES;
				CLANG_WARN_COMMA = YES;
				CLANG_WARN_CONSTANT_CONVERSION = YES;
				CLANG_WARN_DEPRECATED_OBJC_IMPLEMENTATIONS = YES;
				CLANG_WARN_DIRECT_OBJC_ISA_USAGE = YES_ERROR;
				CLANG_WARN_DOCUMENTATION_COMMENTS = YES;
				CLANG_WARN_EMPTY_BODY = YES;
				CLANG_WARN_ENUM_CONVERSION = YES;
				CLANG_WARN_INFINITE_RECURSION = YES;
				CLANG_WARN_INT_CONVERSION = YES;
				CLANG_WARN_NON_LITERAL_NULL_CONVERSION = YES;
				CLANG_WARN_OBJC_IMPLICIT_RETAIN_SELF = YES;
				CLANG_WARN_OBJC_LITERAL_CONVERSION = YES;
				CLANG_WARN_OBJC_ROOT_CLASS = YES_ERROR;
				CLANG_WARN_QUOTED_INCLUDE_IN_FRAMEWORK_HEADER = YES;
				CLANG_WARN_RANGE_LOOP_ANALYSIS = YES;
				CLANG_WARN_STRICT_PROTOTYPES = YES;
				CLANG_WARN_SUSPICIOUS_MOVE = YES;
				CLANG_WARN_UNGUARDED_AVAILABILITY = YES_AGGRESSIVE;
				CLANG_WARN_UNREACHABLE_CODE = YES;
				CLANG_WARN__DUPLICATE_METHOD_MATCH = YES;
				COPY_PHASE_STRIP = NO;
				DEBUG_INFORMATION_FORMAT = dwarf;
				ENABLE_STRICT_OBJC_MSGSEND = YES;
				ENABLE_TESTABILITY = YES;
				GCC_C_LANGUAGE_STANDARD = gnu11;
				GCC_DYNAMIC_NO_PIC = NO;
				GCC_NO_COMMON_BLOCKS = YES;
				GCC_OPTIMIZATION_LEVEL = 0;
				GCC_PREPROCESSOR_DEFINITIONS = (
					"DEBUG=1",
					"$(inherited)",
				);
				GCC_WARN_64_TO_32_BIT_CONVERSION = YES;
				GCC_WARN_ABOUT_RETURN_TYPE = YES_ERROR;
				GCC_WARN_UNDECLARED_SELECTOR = YES;
				GCC_WARN_UNINITIALIZED_AUTOS = YES_AGGRESSIVE;
				GCC_WARN_UNUSED_FUNCTION = YES;
				GCC_WARN_UNUSED_VARIABLE = YES;
				IPHONEOS_DEPLOYMENT_TARGET = 14.5;
				MTL_ENABLE_DEBUG_INFO = INCLUDE_SOURCE;
				MTL_FAST_MATH = YES;
				ONLY_ACTIVE_ARCH = YES;
				SDKROOT = iphoneos;
				SWIFT_ACTIVE_COMPILATION_CONDITIONS = DEBUG;
				SWIFT_OPTIMIZATION_LEVEL = "-Onone";
			};
			name = Debug;
		};
		A06FF127271778080076159F /* Release */ = {
			isa = XCBuildConfiguration;
			buildSettings = {
				ALWAYS_SEARCH_USER_PATHS = NO;
				CLANG_ANALYZER_NONNULL = YES;
				CLANG_ANALYZER_NUMBER_OBJECT_CONVERSION = YES_AGGRESSIVE;
				CLANG_CXX_LANGUAGE_STANDARD = "gnu++14";
				CLANG_CXX_LIBRARY = "libc++";
				CLANG_ENABLE_MODULES = YES;
				CLANG_ENABLE_OBJC_ARC = YES;
				CLANG_ENABLE_OBJC_WEAK = YES;
				CLANG_WARN_BLOCK_CAPTURE_AUTORELEASING = YES;
				CLANG_WARN_BOOL_CONVERSION = YES;
				CLANG_WARN_COMMA = YES;
				CLANG_WARN_CONSTANT_CONVERSION = YES;
				CLANG_WARN_DEPRECATED_OBJC_IMPLEMENTATIONS = YES;
				CLANG_WARN_DIRECT_OBJC_ISA_USAGE = YES_ERROR;
				CLANG_WARN_DOCUMENTATION_COMMENTS = YES;
				CLANG_WARN_EMPTY_BODY = YES;
				CLANG_WARN_ENUM_CONVERSION = YES;
				CLANG_WARN_INFINITE_RECURSION = YES;
				CLANG_WARN_INT_CONVERSION = YES;
				CLANG_WARN_NON_LITERAL_NULL_CONVERSION = YES;
				CLANG_WARN_OBJC_IMPLICIT_RETAIN_SELF = YES;
				CLANG_WARN_OBJC_LITERAL_CONVERSION = YES;
				CLANG_WARN_OBJC_ROOT_CLASS = YES_ERROR;
				CLANG_WARN_QUOTED_INCLUDE_IN_FRAMEWORK_HEADER = YES;
				CLANG_WARN_RANGE_LOOP_ANALYSIS = YES;
				CLANG_WARN_STRICT_PROTOTYPES = YES;
				CLANG_WARN_SUSPICIOUS_MOVE = YES;
				CLANG_WARN_UNGUARDED_AVAILABILITY = YES_AGGRESSIVE;
				CLANG_WARN_UNREACHABLE_CODE = YES;
				CLANG_WARN__DUPLICATE_METHOD_MATCH = YES;
				COPY_PHASE_STRIP = NO;
				DEBUG_INFORMATION_FORMAT = "dwarf-with-dsym";
				ENABLE_NS_ASSERTIONS = NO;
				ENABLE_STRICT_OBJC_MSGSEND = YES;
				GCC_C_LANGUAGE_STANDARD = gnu11;
				GCC_NO_COMMON_BLOCKS = YES;
				GCC_WARN_64_TO_32_BIT_CONVERSION = YES;
				GCC_WARN_ABOUT_RETURN_TYPE = YES_ERROR;
				GCC_WARN_UNDECLARED_SELECTOR = YES;
				GCC_WARN_UNINITIALIZED_AUTOS = YES_AGGRESSIVE;
				GCC_WARN_UNUSED_FUNCTION = YES;
				GCC_WARN_UNUSED_VARIABLE = YES;
				IPHONEOS_DEPLOYMENT_TARGET = 14.5;
				MTL_ENABLE_DEBUG_INFO = NO;
				MTL_FAST_MATH = YES;
				SDKROOT = iphoneos;
				SWIFT_COMPILATION_MODE = wholemodule;
				SWIFT_OPTIMIZATION_LEVEL = "-O";
				VALIDATE_PRODUCT = YES;
			};
			name = Release;
		};
		A06FF129271778080076159F /* Debug */ = {
			isa = XCBuildConfiguration;
			buildSettings = {
				ASSETCATALOG_COMPILER_APPICON_NAME = AppIcon;
				ASSETCATALOG_COMPILER_GLOBAL_ACCENT_COLOR_NAME = AccentColor;
				CODE_SIGN_STYLE = Automatic;
				INFOPLIST_FILE = TheMovie/Info.plist;
				LD_RUNPATH_SEARCH_PATHS = (
					"$(inherited)",
					"@executable_path/Frameworks",
				);
				PRODUCT_BUNDLE_IDENTIFIER = com.Eduardo.TheMovie;
				PRODUCT_NAME = "$(TARGET_NAME)";
				SWIFT_VERSION = 5.0;
				TARGETED_DEVICE_FAMILY = 1;
			};
			name = Debug;
		};
		A06FF12A271778080076159F /* Release */ = {
			isa = XCBuildConfiguration;
			buildSettings = {
				ASSETCATALOG_COMPILER_APPICON_NAME = AppIcon;
				ASSETCATALOG_COMPILER_GLOBAL_ACCENT_COLOR_NAME = AccentColor;
				CODE_SIGN_STYLE = Automatic;
				INFOPLIST_FILE = TheMovie/Info.plist;
				LD_RUNPATH_SEARCH_PATHS = (
					"$(inherited)",
					"@executable_path/Frameworks",
				);
				PRODUCT_BUNDLE_IDENTIFIER = com.Eduardo.TheMovie;
				PRODUCT_NAME = "$(TARGET_NAME)";
				SWIFT_VERSION = 5.0;
				TARGETED_DEVICE_FAMILY = 1;
			};
			name = Release;
		};
/* End XCBuildConfiguration section */

/* Begin XCConfigurationList section */
		A06FF10F271778020076159F /* Build configuration list for PBXProject "TheMovie" */ = {
			isa = XCConfigurationList;
			buildConfigurations = (
				A06FF126271778080076159F /* Debug */,
				A06FF127271778080076159F /* Release */,
			);
			defaultConfigurationIsVisible = 0;
			defaultConfigurationName = Release;
		};
		A06FF128271778080076159F /* Build configuration list for PBXNativeTarget "TheMovie" */ = {
			isa = XCConfigurationList;
			buildConfigurations = (
				A06FF129271778080076159F /* Debug */,
				A06FF12A271778080076159F /* Release */,
			);
			defaultConfigurationIsVisible = 0;
			defaultConfigurationName = Release;
		};
/* End XCConfigurationList section */
	};
	rootObject = A06FF10C271778020076159F /* Project object */;
}
